
Microsoft Visual Studio Solution File, Format Version 12.00
# Visual Studio Version 17
VisualStudioVersion = 17.0.31903.59
MinimumVisualStudioVersion = 10.0.40219.1
Project("{FAE04EC0-301F-11D3-BF4B-00C04F79EFBC}") = "CarServiceLab", "CarServiceLab\CarServiceLab.csproj", "{4FACF8B9-831D-46CE-923C-67F4F6923538}"
EndProject
Project("{FAE04EC0-301F-11D3-BF4B-00C04F79EFBC}") = "Task4.Tests", "Task4.Tests\Task4.Tests.csproj", "{89F6C219-694B-4499-A209-29A99EADD6E2}"
EndProject
Global
	GlobalSection(SolutionConfigurationPlatforms) = preSolution
		Debug|Any CPU = Debug|Any CPU
		Release|Any CPU = Release|Any CPU
	EndGlobalSection
	GlobalSection(SolutionProperties) = preSolution
		HideSolutionNode = FALSE
	EndGlobalSection
	GlobalSection(ProjectConfigurationPlatforms) = postSolution
		{4FACF8B9-831D-46CE-923C-67F4F6923538}.Debug|Any CPU.ActiveCfg = Debug|Any CPU
		{4FACF8B9-831D-46CE-923C-67F4F6923538}.Debug|Any CPU.Build.0 = Debug|Any CPU
		{4FACF8B9-831D-46CE-923C-67F4F6923538}.Release|Any CPU.ActiveCfg = Release|Any CPU
		{4FACF8B9-831D-46CE-923C-67F4F6923538}.Release|Any CPU.Build.0 = Release|Any CPU
		{89F6C219-694B-4499-A209-29A99EADD6E2}.Debug|Any CPU.ActiveCfg = Debug|Any CPU
		{89F6C219-694B-4499-A209-29A99EADD6E2}.Debug|Any CPU.Build.0 = Debug|Any CPU
		{89F6C219-694B-4499-A209-29A99EADD6E2}.Release|Any CPU.ActiveCfg = Release|Any CPU
		{89F6C219-694B-4499-A209-29A99EADD6E2}.Release|Any CPU.Build.0 = Release|Any CPU
	EndGlobalSection
EndGlobal
